
Microsoft Visual Studio Solution File, Format Version 12.00
# Visual Studio Version 17
VisualStudioVersion = 17.13.35919.96
MinimumVisualStudioVersion = 10.0.40219.1
Project("{FAE04EC0-301F-11D3-BF4B-00C04F79EFBC}") = "UnicomTIC_Management", "UnicomTIC_Management\UnicomTIC_Management.csproj", "{6621B11C-693A-4114-8FBF-AD77229EC4B6}"
EndProject
Global
	GlobalSection(SolutionConfigurationPlatforms) = preSolution
		Debug|Any CPU = Debug|Any CPU
		Release|Any CPU = Release|Any CPU
	EndGlobalSection
	GlobalSection(ProjectConfigurationPlatforms) = postSolution
		{6621B11C-693A-4114-8FBF-AD77229EC4B6}.Debug|Any CPU.ActiveCfg = Debug|Any CPU
		{6621B11C-693A-4114-8FBF-AD77229EC4B6}.Debug|Any CPU.Build.0 = Debug|Any CPU
		{6621B11C-693A-4114-8FBF-AD77229EC4B6}.Release|Any CPU.ActiveCfg = Release|Any CPU
		{6621B11C-693A-4114-8FBF-AD77229EC4B6}.Release|Any CPU.Build.0 = Release|Any CPU
	EndGlobalSection
	GlobalSection(SolutionProperties) = preSolution
		HideSolutionNode = FALSE
	EndGlobalSection
	GlobalSection(ExtensibilityGlobals) = postSolution
		SolutionGuid = {3059F906-5BE3-43E0-8222-DE4D89691778}
	EndGlobalSection
EndGlobal
